
Microsoft Visual Studio Solution File, Format Version 12.00
# Visual Studio Version 17
VisualStudioVersion = 17.13.35919.96
MinimumVisualStudioVersion = 10.0.40219.1
Project("{8BC9CEB8-8B4A-11D0-8D11-00A0C91BC942}") = "GrabCameraEvent", "GrabCameraEvent\GrabCameraEvent.vcxproj", "{FBBBEC1F-DF3E-4835-9A37-CBEAC3024E72}"
EndProject
Project("{8BC9CEB8-8B4A-11D0-8D11-00A0C91BC942}") = "GrabChunkImage", "GrabChunkImage\GrabChunkImage.vcxproj", "{C005070A-10BA-4C50-AD64-6205D4526D71}"
EndProject
Project("{8BC9CEB8-8B4A-11D0-8D11-00A0C91BC942}") = "GigEMulticast", "GigEMulticast\GigEMulticast.vcxproj", "{D963881B-5160-4201-8FDC-6F056172EA9F}"
EndProject
Project("{8BC9CEB8-8B4A-11D0-8D11-00A0C91BC942}") = "MultipleCameras", "MultipleCameras\MultipleCameras.vcxproj", "{22531247-2E43-409C-9644-86AB93E17E3C}"
EndProject
Project("{8BC9CEB8-8B4A-11D0-8D11-00A0C91BC942}") = "AllocateStreamBuffersManually", "AllocateStreamBuffersManually\AllocateStreamBuffersManually.vcxproj", "{3887E1AB-61B5-4CDD-9639-6062C22A4257}"
EndProject
Project("{8BC9CEB8-8B4A-11D0-8D11-00A0C91BC942}") = "SingleFilter", "SingleFilter\SingleFilter.vcxproj", "{35B72324-7C8B-4378-9AFA-5130B7C2AA40}"
EndProject
Project("{8BC9CEB8-8B4A-11D0-8D11-00A0C91BC942}") = "MultipleFilters", "MultipleFilters\MultipleFilters.vcxproj", "{572C2701-B816-43A6-8DC3-79146E996CA7}"
EndProject
Project("{8BC9CEB8-8B4A-11D0-8D11-00A0C91BC942}") = "GigEConfigurations", "GigEConfigurations\GigEConfigurations.vcxproj", "{AC6589A1-5767-4510-937A-9859863E0572}"
EndProject
Project("{8BC9CEB8-8B4A-11D0-8D11-00A0C91BC942}") = "MultipleSystems", "MultipleSystems\MultipleSystems.vcxproj", "{EA740CCA-5F23-4C55-B171-222063CD8CE2}"
EndProject
Project("{8BC9CEB8-8B4A-11D0-8D11-00A0C91BC942}") = "HostSideROI", "HostSideROI\HostSideROI.vcxproj", "{98C4D1A2-B5F3-410D-AB91-AEDDC807535B}"
EndProject
Project("{8BC9CEB8-8B4A-11D0-8D11-00A0C91BC942}") = "AutoFunctions", "AutoFunctions\AutoFunctions.vcxproj", "{D792ED8E-AFCD-4B2E-8BEC-325DFBE87976}"
EndProject
Project("{8BC9CEB8-8B4A-11D0-8D11-00A0C91BC942}") = "CameraSideROI", "CameraSideROI\CameraSideROI.vcxproj", "{201587AE-4FF1-4BA2-BBB3-FB1A105DA007}"
EndProject
Project("{8BC9CEB8-8B4A-11D0-8D11-00A0C91BC942}") = "SaveVideo", "SaveVideo\SaveVideo.vcxproj", "{3E619AAB-93FD-47D1-9FC3-D9B1D49DB422}"
EndProject
Project("{8BC9CEB8-8B4A-11D0-8D11-00A0C91BC942}") = "UserSetCtrl", "UserSetCtrl\UserSetCtrl.vcxproj", "{E5B17E39-E3A6-4273-B670-02C7CF3381A2}"
EndProject
Project("{8BC9CEB8-8B4A-11D0-8D11-00A0C91BC942}") = "EventDeviceLost", "EventDeviceLost\EventDeviceLost.vcxproj", "{71FA69F8-A198-42FF-8A53-AD04CCEDA6C0}"
EndProject
Project("{8BC9CEB8-8B4A-11D0-8D11-00A0C91BC942}") = "StViewer", "StViewer\StViewer.vcxproj", "{85AD540A-4DCB-4DFF-AC3A-83146B990DD0}"
EndProject
Project("{8BC9CEB8-8B4A-11D0-8D11-00A0C91BC942}") = "OpenCV", "OpenCV\OpenCV.vcxproj", "{D200CAF9-AB59-4805-BF7D-8BA17C172EFA}"
EndProject
Project("{8BC9CEB8-8B4A-11D0-8D11-00A0C91BC942}") = "Overlay", "Overlay\Overlay.vcxproj", "{EC1C5EAB-BDEE-4E7E-A574-8AA30C08E950}"
EndProject
Project("{8BC9CEB8-8B4A-11D0-8D11-00A0C91BC942}") = "GigEActionCommand", "GigEActionCommand\GigEActionCommand.vcxproj", "{728768D6-18FD-49FD-822B-F4C3249DF8A0}"
EndProject
Project("{8BC9CEB8-8B4A-11D0-8D11-00A0C91BC942}") = "UserMemory", "UserMemory\UserMemory.vcxproj", "{7BBD9982-DD9B-44EB-BABD-860C96FAC41F}"
EndProject
Project("{8BC9CEB8-8B4A-11D0-8D11-00A0C91BC942}") = "CameraSideLUT", "CameraSideLUT\CameraSideLUT.vcxproj", "{9EB24E77-1F9F-49B5-A507-B10172111BE5}"
EndProject
Project("{8BC9CEB8-8B4A-11D0-8D11-00A0C91BC942}") = "DrawOnImage", "DrawOnImage\DrawOnImage.vcxproj", "{C99CFA1B-AE5E-411E-BCF6-593BAB7E9C45}"
EndProject
Project("{8BC9CEB8-8B4A-11D0-8D11-00A0C91BC942}") = "Graph", "Graph\Graph.vcxproj", "{659E5B9A-1231-4DEF-8A4C-791160A60B1D}"
EndProject
Project("{8BC9CEB8-8B4A-11D0-8D11-00A0C91BC942}") = "OpenCV_DecodeQRCode", "OpenCV_DecodeQRCode\OpenCV_DecodeQRCode.vcxproj", "{F2ACA9A4-CEAD-476E-9635-C12B351A81DE}"
EndProject
Project("{8BC9CEB8-8B4A-11D0-8D11-00A0C91BC942}") = "MFCSingleDocViewer", "MFCSingleDocViewer\MFCSingleDocViewer.vcxproj", "{DA7DE06E-0010-430E-8D32-67FECE3F9D78}"
EndProject
Project("{8BC9CEB8-8B4A-11D0-8D11-00A0C91BC942}") = "MFCMultiDlgViewer", "MFCMultiDlgViewer\MFCMultiDlgViewer.vcxproj", "{D377CF73-8473-4408-96A7-F39D6017B272}"
EndProject
Project("{8BC9CEB8-8B4A-11D0-8D11-00A0C91BC942}") = "myOmronC++", "myOmronC++\myOmronC++.vcxproj", "{522D8083-9D2A-43BD-8328-FF187020617C}"
EndProject
Project("{8BC9CEB8-8B4A-11D0-8D11-00A0C91BC942}") = "SaveAndLoadFeatures", "SaveAndLoadFeatures\SaveAndLoadFeatures.vcxproj", "{3D8545CB-4303-4A3A-9BEE-170FE7AD0F77}"
EndProject
Project("{8BC9CEB8-8B4A-11D0-8D11-00A0C91BC942}") = "SaveAndLoadImage", "SaveAndLoadImage\SaveAndLoadImage.vcxproj", "{B13397DF-3158-4D7D-B831-159FA2C179BC}"
EndProject
Project("{8BC9CEB8-8B4A-11D0-8D11-00A0C91BC942}") = "FeatureList", "FeatureList\FeatureList.vcxproj", "{0B8E0484-ECA1-4422-AA34-67CC9DD8D68B}"
EndProject
Project("{8BC9CEB8-8B4A-11D0-8D11-00A0C91BC942}") = "FrameStartTrigger", "FrameStartTrigger\FrameStartTrigger.vcxproj", "{CF6A8C66-162E-4274-914A-BED61F1710E8}"
EndProject
Project("{8BC9CEB8-8B4A-11D0-8D11-00A0C91BC942}") = "Grab", "Grab\Grab.vcxproj", "{B179CD0C-5D34-4F75-A5EA-DBF7599C20E5}"
EndProject
Project("{8BC9CEB8-8B4A-11D0-8D11-00A0C91BC942}") = "GrabCallback", "GrabCallback\GrabCallback.vcxproj", "{119C1279-7C53-4036-8839-42FDFD04E0D7}"
EndProject
Global
	GlobalSection(SolutionConfigurationPlatforms) = preSolution
		Debug|Win32 = Debug|Win32
		Debug|x64 = Debug|x64
		Release|Win32 = Release|Win32
		Release|x64 = Release|x64
	EndGlobalSection
	GlobalSection(ProjectConfigurationPlatforms) = postSolution
		{FBBBEC1F-DF3E-4835-9A37-CBEAC3024E72}.Debug|Win32.ActiveCfg = Debug|Win32
		{FBBBEC1F-DF3E-4835-9A37-CBEAC3024E72}.Debug|Win32.Build.0 = Debug|Win32
		{FBBBEC1F-DF3E-4835-9A37-CBEAC3024E72}.Debug|x64.ActiveCfg = Debug|x64
		{FBBBEC1F-DF3E-4835-9A37-CBEAC3024E72}.Debug|x64.Build.0 = Debug|x64
		{FBBBEC1F-DF3E-4835-9A37-CBEAC3024E72}.Release|Win32.ActiveCfg = Release|Win32
		{FBBBEC1F-DF3E-4835-9A37-CBEAC3024E72}.Release|Win32.Build.0 = Release|Win32
		{FBBBEC1F-DF3E-4835-9A37-CBEAC3024E72}.Release|x64.ActiveCfg = Release|x64
		{FBBBEC1F-DF3E-4835-9A37-CBEAC3024E72}.Release|x64.Build.0 = Release|x64
		{C005070A-10BA-4C50-AD64-6205D4526D71}.Debug|Win32.ActiveCfg = Debug|Win32
		{C005070A-10BA-4C50-AD64-6205D4526D71}.Debug|Win32.Build.0 = Debug|Win32
		{C005070A-10BA-4C50-AD64-6205D4526D71}.Debug|x64.ActiveCfg = Debug|x64
		{C005070A-10BA-4C50-AD64-6205D4526D71}.Debug|x64.Build.0 = Debug|x64
		{C005070A-10BA-4C50-AD64-6205D4526D71}.Release|Win32.ActiveCfg = Release|Win32
		{C005070A-10BA-4C50-AD64-6205D4526D71}.Release|Win32.Build.0 = Release|Win32
		{C005070A-10BA-4C50-AD64-6205D4526D71}.Release|x64.ActiveCfg = Release|x64
		{C005070A-10BA-4C50-AD64-6205D4526D71}.Release|x64.Build.0 = Release|x64
		{D963881B-5160-4201-8FDC-6F056172EA9F}.Debug|Win32.ActiveCfg = Debug|Win32
		{D963881B-5160-4201-8FDC-6F056172EA9F}.Debug|Win32.Build.0 = Debug|Win32
		{D963881B-5160-4201-8FDC-6F056172EA9F}.Debug|x64.ActiveCfg = Debug|x64
		{D963881B-5160-4201-8FDC-6F056172EA9F}.Debug|x64.Build.0 = Debug|x64
		{D963881B-5160-4201-8FDC-6F056172EA9F}.Release|Win32.ActiveCfg = Release|Win32
		{D963881B-5160-4201-8FDC-6F056172EA9F}.Release|Win32.Build.0 = Release|Win32
		{D963881B-5160-4201-8FDC-6F056172EA9F}.Release|x64.ActiveCfg = Release|x64
		{D963881B-5160-4201-8FDC-6F056172EA9F}.Release|x64.Build.0 = Release|x64
		{22531247-2E43-409C-9644-86AB93E17E3C}.Debug|Win32.ActiveCfg = Debug|Win32
		{22531247-2E43-409C-9644-86AB93E17E3C}.Debug|Win32.Build.0 = Debug|Win32
		{22531247-2E43-409C-9644-86AB93E17E3C}.Debug|x64.ActiveCfg = Debug|x64
		{22531247-2E43-409C-9644-86AB93E17E3C}.Debug|x64.Build.0 = Debug|x64
		{22531247-2E43-409C-9644-86AB93E17E3C}.Release|Win32.ActiveCfg = Release|Win32
		{22531247-2E43-409C-9644-86AB93E17E3C}.Release|Win32.Build.0 = Release|Win32
		{22531247-2E43-409C-9644-86AB93E17E3C}.Release|x64.ActiveCfg = Release|x64
		{22531247-2E43-409C-9644-86AB93E17E3C}.Release|x64.Build.0 = Release|x64
		{3887E1AB-61B5-4CDD-9639-6062C22A4257}.Debug|Win32.ActiveCfg = Debug|Win32
		{3887E1AB-61B5-4CDD-9639-6062C22A4257}.Debug|Win32.Build.0 = Debug|Win32
		{3887E1AB-61B5-4CDD-9639-6062C22A4257}.Debug|x64.ActiveCfg = Debug|x64
		{3887E1AB-61B5-4CDD-9639-6062C22A4257}.Debug|x64.Build.0 = Debug|x64
		{3887E1AB-61B5-4CDD-9639-6062C22A4257}.Release|Win32.ActiveCfg = Release|Win32
		{3887E1AB-61B5-4CDD-9639-6062C22A4257}.Release|Win32.Build.0 = Release|Win32
		{3887E1AB-61B5-4CDD-9639-6062C22A4257}.Release|x64.ActiveCfg = Release|x64
		{3887E1AB-61B5-4CDD-9639-6062C22A4257}.Release|x64.Build.0 = Release|x64
		{35B72324-7C8B-4378-9AFA-5130B7C2AA40}.Debug|Win32.ActiveCfg = Debug|Win32
		{35B72324-7C8B-4378-9AFA-5130B7C2AA40}.Debug|Win32.Build.0 = Debug|Win32
		{35B72324-7C8B-4378-9AFA-5130B7C2AA40}.Debug|x64.ActiveCfg = Debug|x64
		{35B72324-7C8B-4378-9AFA-5130B7C2AA40}.Debug|x64.Build.0 = Debug|x64
		{35B72324-7C8B-4378-9AFA-5130B7C2AA40}.Release|Win32.ActiveCfg = Release|Win32
		{35B72324-7C8B-4378-9AFA-5130B7C2AA40}.Release|Win32.Build.0 = Release|Win32
		{35B72324-7C8B-4378-9AFA-5130B7C2AA40}.Release|x64.ActiveCfg = Release|x64
		{35B72324-7C8B-4378-9AFA-5130B7C2AA40}.Release|x64.Build.0 = Release|x64
		{572C2701-B816-43A6-8DC3-79146E996CA7}.Debug|Win32.ActiveCfg = Debug|Win32
		{572C2701-B816-43A6-8DC3-79146E996CA7}.Debug|Win32.Build.0 = Debug|Win32
		{572C2701-B816-43A6-8DC3-79146E996CA7}.Debug|x64.ActiveCfg = Debug|x64
		{572C2701-B816-43A6-8DC3-79146E996CA7}.Debug|x64.Build.0 = Debug|x64
		{572C2701-B816-43A6-8DC3-79146E996CA7}.Release|Win32.ActiveCfg = Release|Win32
		{572C2701-B816-43A6-8DC3-79146E996CA7}.Release|Win32.Build.0 = Release|Win32
		{572C2701-B816-43A6-8DC3-79146E996CA7}.Release|x64.ActiveCfg = Release|x64
		{572C2701-B816-43A6-8DC3-79146E996CA7}.Release|x64.Build.0 = Release|x64
		{AC6589A1-5767-4510-937A-9859863E0572}.Debug|Win32.ActiveCfg = Debug|Win32
		{AC6589A1-5767-4510-937A-9859863E0572}.Debug|Win32.Build.0 = Debug|Win32
		{AC6589A1-5767-4510-937A-9859863E0572}.Debug|x64.ActiveCfg = Debug|x64
		{AC6589A1-5767-4510-937A-9859863E0572}.Debug|x64.Build.0 = Debug|x64
		{AC6589A1-5767-4510-937A-9859863E0572}.Release|Win32.ActiveCfg = Release|Win32
		{AC6589A1-5767-4510-937A-9859863E0572}.Release|Win32.Build.0 = Release|Win32
		{AC6589A1-5767-4510-937A-9859863E0572}.Release|x64.ActiveCfg = Release|x64
		{AC6589A1-5767-4510-937A-9859863E0572}.Release|x64.Build.0 = Release|x64
		{EA740CCA-5F23-4C55-B171-222063CD8CE2}.Debug|Win32.ActiveCfg = Debug|Win32
		{EA740CCA-5F23-4C55-B171-222063CD8CE2}.Debug|Win32.Build.0 = Debug|Win32
		{EA740CCA-5F23-4C55-B171-222063CD8CE2}.Debug|x64.ActiveCfg = Debug|x64
		{EA740CCA-5F23-4C55-B171-222063CD8CE2}.Debug|x64.Build.0 = Debug|x64
		{EA740CCA-5F23-4C55-B171-222063CD8CE2}.Release|Win32.ActiveCfg = Release|Win32
		{EA740CCA-5F23-4C55-B171-222063CD8CE2}.Release|Win32.Build.0 = Release|Win32
		{EA740CCA-5F23-4C55-B171-222063CD8CE2}.Release|x64.ActiveCfg = Release|x64
		{EA740CCA-5F23-4C55-B171-222063CD8CE2}.Release|x64.Build.0 = Release|x64
		{98C4D1A2-B5F3-410D-AB91-AEDDC807535B}.Debug|Win32.ActiveCfg = Debug|Win32
		{98C4D1A2-B5F3-410D-AB91-AEDDC807535B}.Debug|Win32.Build.0 = Debug|Win32
		{98C4D1A2-B5F3-410D-AB91-AEDDC807535B}.Debug|x64.ActiveCfg = Debug|x64
		{98C4D1A2-B5F3-410D-AB91-AEDDC807535B}.Debug|x64.Build.0 = Debug|x64
		{98C4D1A2-B5F3-410D-AB91-AEDDC807535B}.Release|Win32.ActiveCfg = Release|Win32
		{98C4D1A2-B5F3-410D-AB91-AEDDC807535B}.Release|Win32.Build.0 = Release|Win32
		{98C4D1A2-B5F3-410D-AB91-AEDDC807535B}.Release|x64.ActiveCfg = Release|x64
		{98C4D1A2-B5F3-410D-AB91-AEDDC807535B}.Release|x64.Build.0 = Release|x64
		{D792ED8E-AFCD-4B2E-8BEC-325DFBE87976}.Debug|Win32.ActiveCfg = Debug|Win32
		{D792ED8E-AFCD-4B2E-8BEC-325DFBE87976}.Debug|Win32.Build.0 = Debug|Win32
		{D792ED8E-AFCD-4B2E-8BEC-325DFBE87976}.Debug|x64.ActiveCfg = Debug|x64
		{D792ED8E-AFCD-4B2E-8BEC-325DFBE87976}.Debug|x64.Build.0 = Debug|x64
		{D792ED8E-AFCD-4B2E-8BEC-325DFBE87976}.Release|Win32.ActiveCfg = Release|Win32
		{D792ED8E-AFCD-4B2E-8BEC-325DFBE87976}.Release|Win32.Build.0 = Release|Win32
		{D792ED8E-AFCD-4B2E-8BEC-325DFBE87976}.Release|x64.ActiveCfg = Release|x64
		{D792ED8E-AFCD-4B2E-8BEC-325DFBE87976}.Release|x64.Build.0 = Release|x64
		{201587AE-4FF1-4BA2-BBB3-FB1A105DA007}.Debug|Win32.ActiveCfg = Debug|Win32
		{201587AE-4FF1-4BA2-BBB3-FB1A105DA007}.Debug|Win32.Build.0 = Debug|Win32
		{201587AE-4FF1-4BA2-BBB3-FB1A105DA007}.Debug|x64.ActiveCfg = Debug|x64
		{201587AE-4FF1-4BA2-BBB3-FB1A105DA007}.Debug|x64.Build.0 = Debug|x64
		{201587AE-4FF1-4BA2-BBB3-FB1A105DA007}.Release|Win32.ActiveCfg = Release|Win32
		{201587AE-4FF1-4BA2-BBB3-FB1A105DA007}.Release|Win32.Build.0 = Release|Win32
		{201587AE-4FF1-4BA2-BBB3-FB1A105DA007}.Release|x64.ActiveCfg = Release|x64
		{201587AE-4FF1-4BA2-BBB3-FB1A105DA007}.Release|x64.Build.0 = Release|x64
		{3E619AAB-93FD-47D1-9FC3-D9B1D49DB422}.Debug|Win32.ActiveCfg = Debug|Win32
		{3E619AAB-93FD-47D1-9FC3-D9B1D49DB422}.Debug|Win32.Build.0 = Debug|Win32
		{3E619AAB-93FD-47D1-9FC3-D9B1D49DB422}.Debug|x64.ActiveCfg = Debug|x64
		{3E619AAB-93FD-47D1-9FC3-D9B1D49DB422}.Debug|x64.Build.0 = Debug|x64
		{3E619AAB-93FD-47D1-9FC3-D9B1D49DB422}.Release|Win32.ActiveCfg = Release|Win32
		{3E619AAB-93FD-47D1-9FC3-D9B1D49DB422}.Release|Win32.Build.0 = Release|Win32
		{3E619AAB-93FD-47D1-9FC3-D9B1D49DB422}.Release|x64.ActiveCfg = Release|x64
		{3E619AAB-93FD-47D1-9FC3-D9B1D49DB422}.Release|x64.Build.0 = Release|x64
		{E5B17E39-E3A6-4273-B670-02C7CF3381A2}.Debug|Win32.ActiveCfg = Debug|Win32
		{E5B17E39-E3A6-4273-B670-02C7CF3381A2}.Debug|Win32.Build.0 = Debug|Win32
		{E5B17E39-E3A6-4273-B670-02C7CF3381A2}.Debug|x64.ActiveCfg = Debug|x64
		{E5B17E39-E3A6-4273-B670-02C7CF3381A2}.Debug|x64.Build.0 = Debug|x64
		{E5B17E39-E3A6-4273-B670-02C7CF3381A2}.Release|Win32.ActiveCfg = Release|Win32
		{E5B17E39-E3A6-4273-B670-02C7CF3381A2}.Release|Win32.Build.0 = Release|Win32
		{E5B17E39-E3A6-4273-B670-02C7CF3381A2}.Release|x64.ActiveCfg = Release|x64
		{E5B17E39-E3A6-4273-B670-02C7CF3381A2}.Release|x64.Build.0 = Release|x64
		{71FA69F8-A198-42FF-8A53-AD04CCEDA6C0}.Debug|Win32.ActiveCfg = Debug|Win32
		{71FA69F8-A198-42FF-8A53-AD04CCEDA6C0}.Debug|Win32.Build.0 = Debug|Win32
		{71FA69F8-A198-42FF-8A53-AD04CCEDA6C0}.Debug|x64.ActiveCfg = Debug|x64
		{71FA69F8-A198-42FF-8A53-AD04CCEDA6C0}.Debug|x64.Build.0 = Debug|x64
		{71FA69F8-A198-42FF-8A53-AD04CCEDA6C0}.Release|Win32.ActiveCfg = Release|Win32
		{71FA69F8-A198-42FF-8A53-AD04CCEDA6C0}.Release|Win32.Build.0 = Release|Win32
		{71FA69F8-A198-42FF-8A53-AD04CCEDA6C0}.Release|x64.ActiveCfg = Release|x64
		{71FA69F8-A198-42FF-8A53-AD04CCEDA6C0}.Release|x64.Build.0 = Release|x64
		{85AD540A-4DCB-4DFF-AC3A-83146B990DD0}.Debug|Win32.ActiveCfg = Debug|Win32
		{85AD540A-4DCB-4DFF-AC3A-83146B990DD0}.Debug|Win32.Build.0 = Debug|Win32
		{85AD540A-4DCB-4DFF-AC3A-83146B990DD0}.Debug|x64.ActiveCfg = Debug|x64
		{85AD540A-4DCB-4DFF-AC3A-83146B990DD0}.Debug|x64.Build.0 = Debug|x64
		{85AD540A-4DCB-4DFF-AC3A-83146B990DD0}.Release|Win32.ActiveCfg = Release|Win32
		{85AD540A-4DCB-4DFF-AC3A-83146B990DD0}.Release|Win32.Build.0 = Release|Win32
		{85AD540A-4DCB-4DFF-AC3A-83146B990DD0}.Release|x64.ActiveCfg = Release|x64
		{85AD540A-4DCB-4DFF-AC3A-83146B990DD0}.Release|x64.Build.0 = Release|x64
		{D200CAF9-AB59-4805-BF7D-8BA17C172EFA}.Debug|Win32.ActiveCfg = Debug|Win32
		{D200CAF9-AB59-4805-BF7D-8BA17C172EFA}.Debug|Win32.Build.0 = Debug|Win32
		{D200CAF9-AB59-4805-BF7D-8BA17C172EFA}.Debug|x64.ActiveCfg = Debug|x64
		{D200CAF9-AB59-4805-BF7D-8BA17C172EFA}.Debug|x64.Build.0 = Debug|x64
		{D200CAF9-AB59-4805-BF7D-8BA17C172EFA}.Release|Win32.ActiveCfg = Release|Win32
		{D200CAF9-AB59-4805-BF7D-8BA17C172EFA}.Release|Win32.Build.0 = Release|Win32
		{D200CAF9-AB59-4805-BF7D-8BA17C172EFA}.Release|x64.ActiveCfg = Release|x64
		{D200CAF9-AB59-4805-BF7D-8BA17C172EFA}.Release|x64.Build.0 = Release|x64
		{EC1C5EAB-BDEE-4E7E-A574-8AA30C08E950}.Debug|Win32.ActiveCfg = Debug|Win32
		{EC1C5EAB-BDEE-4E7E-A574-8AA30C08E950}.Debug|Win32.Build.0 = Debug|Win32
		{EC1C5EAB-BDEE-4E7E-A574-8AA30C08E950}.Debug|x64.ActiveCfg = Debug|x64
		{EC1C5EAB-BDEE-4E7E-A574-8AA30C08E950}.Debug|x64.Build.0 = Debug|x64
		{EC1C5EAB-BDEE-4E7E-A574-8AA30C08E950}.Release|Win32.ActiveCfg = Release|Win32
		{EC1C5EAB-BDEE-4E7E-A574-8AA30C08E950}.Release|Win32.Build.0 = Release|Win32
		{EC1C5EAB-BDEE-4E7E-A574-8AA30C08E950}.Release|x64.ActiveCfg = Release|x64
		{EC1C5EAB-BDEE-4E7E-A574-8AA30C08E950}.Release|x64.Build.0 = Release|x64
		{728768D6-18FD-49FD-822B-F4C3249DF8A0}.Debug|Win32.ActiveCfg = Debug|Win32
		{728768D6-18FD-49FD-822B-F4C3249DF8A0}.Debug|Win32.Build.0 = Debug|Win32
		{728768D6-18FD-49FD-822B-F4C3249DF8A0}.Debug|x64.ActiveCfg = Debug|x64
		{728768D6-18FD-49FD-822B-F4C3249DF8A0}.Debug|x64.Build.0 = Debug|x64
		{728768D6-18FD-49FD-822B-F4C3249DF8A0}.Release|Win32.ActiveCfg = Release|Win32
		{728768D6-18FD-49FD-822B-F4C3249DF8A0}.Release|Win32.Build.0 = Release|Win32
		{728768D6-18FD-49FD-822B-F4C3249DF8A0}.Release|x64.ActiveCfg = Release|x64
		{728768D6-18FD-49FD-822B-F4C3249DF8A0}.Release|x64.Build.0 = Release|x64
		{7BBD9982-DD9B-44EB-BABD-860C96FAC41F}.Debug|Win32.ActiveCfg = Debug|Win32
		{7BBD9982-DD9B-44EB-BABD-860C96FAC41F}.Debug|Win32.Build.0 = Debug|Win32
		{7BBD9982-DD9B-44EB-BABD-860C96FAC41F}.Debug|x64.ActiveCfg = Debug|x64
		{7BBD9982-DD9B-44EB-BABD-860C96FAC41F}.Debug|x64.Build.0 = Debug|x64
		{7BBD9982-DD9B-44EB-BABD-860C96FAC41F}.Release|Win32.ActiveCfg = Release|Win32
		{7BBD9982-DD9B-44EB-BABD-860C96FAC41F}.Release|Win32.Build.0 = Release|Win32
		{7BBD9982-DD9B-44EB-BABD-860C96FAC41F}.Release|x64.ActiveCfg = Release|x64
		{7BBD9982-DD9B-44EB-BABD-860C96FAC41F}.Release|x64.Build.0 = Release|x64
		{9EB24E77-1F9F-49B5-A507-B10172111BE5}.Debug|Win32.ActiveCfg = Debug|Win32
		{9EB24E77-1F9F-49B5-A507-B10172111BE5}.Debug|Win32.Build.0 = Debug|Win32
		{9EB24E77-1F9F-49B5-A507-B10172111BE5}.Debug|x64.ActiveCfg = Debug|x64
		{9EB24E77-1F9F-49B5-A507-B10172111BE5}.Debug|x64.Build.0 = Debug|x64
		{9EB24E77-1F9F-49B5-A507-B10172111BE5}.Release|Win32.ActiveCfg = Release|Win32
		{9EB24E77-1F9F-49B5-A507-B10172111BE5}.Release|Win32.Build.0 = Release|Win32
		{9EB24E77-1F9F-49B5-A507-B10172111BE5}.Release|x64.ActiveCfg = Release|x64
		{9EB24E77-1F9F-49B5-A507-B10172111BE5}.Release|x64.Build.0 = Release|x64
		{C99CFA1B-AE5E-411E-BCF6-593BAB7E9C45}.Debug|Win32.ActiveCfg = Debug|Win32
		{C99CFA1B-AE5E-411E-BCF6-593BAB7E9C45}.Debug|Win32.Build.0 = Debug|Win32
		{C99CFA1B-AE5E-411E-BCF6-593BAB7E9C45}.Debug|x64.ActiveCfg = Debug|x64
		{C99CFA1B-AE5E-411E-BCF6-593BAB7E9C45}.Debug|x64.Build.0 = Debug|x64
		{C99CFA1B-AE5E-411E-BCF6-593BAB7E9C45}.Release|Win32.ActiveCfg = Release|Win32
		{C99CFA1B-AE5E-411E-BCF6-593BAB7E9C45}.Release|Win32.Build.0 = Release|Win32
		{C99CFA1B-AE5E-411E-BCF6-593BAB7E9C45}.Release|x64.ActiveCfg = Release|x64
		{C99CFA1B-AE5E-411E-BCF6-593BAB7E9C45}.Release|x64.Build.0 = Release|x64
		{659E5B9A-1231-4DEF-8A4C-791160A60B1D}.Debug|Win32.ActiveCfg = Debug|Win32
		{659E5B9A-1231-4DEF-8A4C-791160A60B1D}.Debug|Win32.Build.0 = Debug|Win32
		{659E5B9A-1231-4DEF-8A4C-791160A60B1D}.Debug|x64.ActiveCfg = Debug|x64
		{659E5B9A-1231-4DEF-8A4C-791160A60B1D}.Debug|x64.Build.0 = Debug|x64
		{659E5B9A-1231-4DEF-8A4C-791160A60B1D}.Release|Win32.ActiveCfg = Release|Win32
		{659E5B9A-1231-4DEF-8A4C-791160A60B1D}.Release|Win32.Build.0 = Release|Win32
		{659E5B9A-1231-4DEF-8A4C-791160A60B1D}.Release|x64.ActiveCfg = Release|x64
		{659E5B9A-1231-4DEF-8A4C-791160A60B1D}.Release|x64.Build.0 = Release|x64
		{F2ACA9A4-CEAD-476E-9635-C12B351A81DE}.Debug|Win32.ActiveCfg = Debug|Win32
		{F2ACA9A4-CEAD-476E-9635-C12B351A81DE}.Debug|Win32.Build.0 = Debug|Win32
		{F2ACA9A4-CEAD-476E-9635-C12B351A81DE}.Debug|x64.ActiveCfg = Debug|x64
		{F2ACA9A4-CEAD-476E-9635-C12B351A81DE}.Debug|x64.Build.0 = Debug|x64
		{F2ACA9A4-CEAD-476E-9635-C12B351A81DE}.Release|Win32.ActiveCfg = Release|Win32
		{F2ACA9A4-CEAD-476E-9635-C12B351A81DE}.Release|Win32.Build.0 = Release|Win32
		{F2ACA9A4-CEAD-476E-9635-C12B351A81DE}.Release|x64.ActiveCfg = Release|x64
		{F2ACA9A4-CEAD-476E-9635-C12B351A81DE}.Release|x64.Build.0 = Release|x64
		{DA7DE06E-0010-430E-8D32-67FECE3F9D78}.Debug|Win32.ActiveCfg = Debug|Win32
		{DA7DE06E-0010-430E-8D32-67FECE3F9D78}.Debug|Win32.Build.0 = Debug|Win32
		{DA7DE06E-0010-430E-8D32-67FECE3F9D78}.Debug|x64.ActiveCfg = Debug|x64
		{DA7DE06E-0010-430E-8D32-67FECE3F9D78}.Debug|x64.Build.0 = Debug|x64
		{DA7DE06E-0010-430E-8D32-67FECE3F9D78}.Release|Win32.ActiveCfg = Release|Win32
		{DA7DE06E-0010-430E-8D32-67FECE3F9D78}.Release|Win32.Build.0 = Release|Win32
		{DA7DE06E-0010-430E-8D32-67FECE3F9D78}.Release|x64.ActiveCfg = Release|x64
		{DA7DE06E-0010-430E-8D32-67FECE3F9D78}.Release|x64.Build.0 = Release|x64
		{D377CF73-8473-4408-96A7-F39D6017B272}.Debug|Win32.ActiveCfg = Debug|Win32
		{D377CF73-8473-4408-96A7-F39D6017B272}.Debug|Win32.Build.0 = Debug|Win32
		{D377CF73-8473-4408-96A7-F39D6017B272}.Debug|x64.ActiveCfg = Debug|x64
		{D377CF73-8473-4408-96A7-F39D6017B272}.Debug|x64.Build.0 = Debug|x64
		{D377CF73-8473-4408-96A7-F39D6017B272}.Release|Win32.ActiveCfg = Release|Win32
		{D377CF73-8473-4408-96A7-F39D6017B272}.Release|Win32.Build.0 = Release|Win32
		{D377CF73-8473-4408-96A7-F39D6017B272}.Release|x64.ActiveCfg = Release|x64
		{D377CF73-8473-4408-96A7-F39D6017B272}.Release|x64.Build.0 = Release|x64
		{522D8083-9D2A-43BD-8328-FF187020617C}.Debug|Win32.ActiveCfg = Debug|Win32
		{522D8083-9D2A-43BD-8328-FF187020617C}.Debug|Win32.Build.0 = Debug|Win32
		{522D8083-9D2A-43BD-8328-FF187020617C}.Debug|x64.ActiveCfg = Debug|x64
		{522D8083-9D2A-43BD-8328-FF187020617C}.Debug|x64.Build.0 = Debug|x64
		{522D8083-9D2A-43BD-8328-FF187020617C}.Release|Win32.ActiveCfg = Release|Win32
		{522D8083-9D2A-43BD-8328-FF187020617C}.Release|Win32.Build.0 = Release|Win32
		{522D8083-9D2A-43BD-8328-FF187020617C}.Release|x64.ActiveCfg = Release|x64
		{522D8083-9D2A-43BD-8328-FF187020617C}.Release|x64.Build.0 = Release|x64
		{3D8545CB-4303-4A3A-9BEE-170FE7AD0F77}.Debug|Win32.ActiveCfg = Debug|Win32
		{3D8545CB-4303-4A3A-9BEE-170FE7AD0F77}.Debug|Win32.Build.0 = Debug|Win32
		{3D8545CB-4303-4A3A-9BEE-170FE7AD0F77}.Debug|x64.ActiveCfg = Debug|x64
		{3D8545CB-4303-4A3A-9BEE-170FE7AD0F77}.Debug|x64.Build.0 = Debug|x64
		{3D8545CB-4303-4A3A-9BEE-170FE7AD0F77}.Release|Win32.ActiveCfg = Release|Win32
		{3D8545CB-4303-4A3A-9BEE-170FE7AD0F77}.Release|Win32.Build.0 = Release|Win32
		{3D8545CB-4303-4A3A-9BEE-170FE7AD0F77}.Release|x64.ActiveCfg = Release|x64
		{3D8545CB-4303-4A3A-9BEE-170FE7AD0F77}.Release|x64.Build.0 = Release|x64
		{B13397DF-3158-4D7D-B831-159FA2C179BC}.Debug|Win32.ActiveCfg = Debug|Win32
		{B13397DF-3158-4D7D-B831-159FA2C179BC}.Debug|Win32.Build.0 = Debug|Win32
		{B13397DF-3158-4D7D-B831-159FA2C179BC}.Debug|x64.ActiveCfg = Debug|x64
		{B13397DF-3158-4D7D-B831-159FA2C179BC}.Debug|x64.Build.0 = Debug|x64
		{B13397DF-3158-4D7D-B831-159FA2C179BC}.Release|Win32.ActiveCfg = Release|Win32
		{B13397DF-3158-4D7D-B831-159FA2C179BC}.Release|Win32.Build.0 = Release|Win32
		{B13397DF-3158-4D7D-B831-159FA2C179BC}.Release|x64.ActiveCfg = Release|x64
		{B13397DF-3158-4D7D-B831-159FA2C179BC}.Release|x64.Build.0 = Release|x64
		{0B8E0484-ECA1-4422-AA34-67CC9DD8D68B}.Debug|Win32.ActiveCfg = Debug|Win32
		{0B8E0484-ECA1-4422-AA34-67CC9DD8D68B}.Debug|Win32.Build.0 = Debug|Win32
		{0B8E0484-ECA1-4422-AA34-67CC9DD8D68B}.Debug|x64.ActiveCfg = Debug|x64
		{0B8E0484-ECA1-4422-AA34-67CC9DD8D68B}.Debug|x64.Build.0 = Debug|x64
		{0B8E0484-ECA1-4422-AA34-67CC9DD8D68B}.Release|Win32.ActiveCfg = Release|Win32
		{0B8E0484-ECA1-4422-AA34-67CC9DD8D68B}.Release|Win32.Build.0 = Release|Win32
		{0B8E0484-ECA1-4422-AA34-67CC9DD8D68B}.Release|x64.ActiveCfg = Release|x64
		{0B8E0484-ECA1-4422-AA34-67CC9DD8D68B}.Release|x64.Build.0 = Release|x64
		{CF6A8C66-162E-4274-914A-BED61F1710E8}.Debug|Win32.ActiveCfg = Debug|Win32
		{CF6A8C66-162E-4274-914A-BED61F1710E8}.Debug|Win32.Build.0 = Debug|Win32
		{CF6A8C66-162E-4274-914A-BED61F1710E8}.Debug|x64.ActiveCfg = Debug|x64
		{CF6A8C66-162E-4274-914A-BED61F1710E8}.Debug|x64.Build.0 = Debug|x64
		{CF6A8C66-162E-4274-914A-BED61F1710E8}.Release|Win32.ActiveCfg = Release|Win32
		{CF6A8C66-162E-4274-914A-BED61F1710E8}.Release|Win32.Build.0 = Release|Win32
		{CF6A8C66-162E-4274-914A-BED61F1710E8}.Release|x64.ActiveCfg = Release|x64
		{CF6A8C66-162E-4274-914A-BED61F1710E8}.Release|x64.Build.0 = Release|x64
		{B179CD0C-5D34-4F75-A5EA-DBF7599C20E5}.Debug|Win32.ActiveCfg = Debug|Win32
		{B179CD0C-5D34-4F75-A5EA-DBF7599C20E5}.Debug|Win32.Build.0 = Debug|Win32
		{B179CD0C-5D34-4F75-A5EA-DBF7599C20E5}.Debug|x64.ActiveCfg = Debug|x64
		{B179CD0C-5D34-4F75-A5EA-DBF7599C20E5}.Debug|x64.Build.0 = Debug|x64
		{B179CD0C-5D34-4F75-A5EA-DBF7599C20E5}.Release|Win32.ActiveCfg = Release|Win32
		{B179CD0C-5D34-4F75-A5EA-DBF7599C20E5}.Release|Win32.Build.0 = Release|Win32
		{B179CD0C-5D34-4F75-A5EA-DBF7599C20E5}.Release|x64.ActiveCfg = Release|x64
		{B179CD0C-5D34-4F75-A5EA-DBF7599C20E5}.Release|x64.Build.0 = Release|x64
		{119C1279-7C53-4036-8839-42FDFD04E0D7}.Debug|Win32.ActiveCfg = Debug|Win32
		{119C1279-7C53-4036-8839-42FDFD04E0D7}.Debug|Win32.Build.0 = Debug|Win32
		{119C1279-7C53-4036-8839-42FDFD04E0D7}.Debug|x64.ActiveCfg = Debug|x64
		{119C1279-7C53-4036-8839-42FDFD04E0D7}.Debug|x64.Build.0 = Debug|x64
		{119C1279-7C53-4036-8839-42FDFD04E0D7}.Release|Win32.ActiveCfg = Release|Win32
		{119C1279-7C53-4036-8839-42FDFD04E0D7}.Release|Win32.Build.0 = Release|Win32
		{119C1279-7C53-4036-8839-42FDFD04E0D7}.Release|x64.ActiveCfg = Release|x64
		{119C1279-7C53-4036-8839-42FDFD04E0D7}.Release|x64.Build.0 = Release|x64
	EndGlobalSection
	GlobalSection(SolutionProperties) = preSolution
		HideSolutionNode = FALSE
	EndGlobalSection
	GlobalSection(ExtensibilityGlobals) = postSolution
		SolutionGuid = {1F0B7DAE-819C-4638-9CD4-679E4E743477}
	EndGlobalSection
EndGlobal
