
Microsoft Visual Studio Solution File, Format Version 9.00
# Visual Studio 2005
Project("{8BC9CEB8-8B4A-11D0-8D11-00A0C91BC942}") = "Grab", "Grab\Grab.vcproj", "{DB0F740C-EFCC-4799-99FA-AFC99E38F4ED}"
EndProject
Project("{8BC9CEB8-8B4A-11D0-8D11-00A0C91BC942}") = "SingleFilter", "SingleFilter\SingleFilter.vcproj", "{CA3C3A8A-63D3-466C-918F-3CF55987C300}"
EndProject
Project("{8BC9CEB8-8B4A-11D0-8D11-00A0C91BC942}") = "MultipleFilters", "MultipleFilters\MultipleFilters.vcproj", "{A79D5A74-D4DA-4506-856D-521F7A19608D}"
EndProject
Project("{8BC9CEB8-8B4A-11D0-8D11-00A0C91BC942}") = "GrabCallback", "GrabCallback\GrabCallback.vcproj", "{4A1CE1B4-60BC-417A-8B35-83AB14CBD93D}"
EndProject
Project("{8BC9CEB8-8B4A-11D0-8D11-00A0C91BC942}") = "GrabCameraEvent", "GrabCameraEvent\GrabCameraEvent.vcproj", "{C0B64B22-5412-4A14-BEC3-254C2819FD7F}"
EndProject
Project("{8BC9CEB8-8B4A-11D0-8D11-00A0C91BC942}") = "GrabChunkImage", "GrabChunkImage\GrabChunkImage.vcproj", "{026A9CFD-E0B4-40FB-BDAB-8FE734C5EB9E}"
EndProject
Project("{8BC9CEB8-8B4A-11D0-8D11-00A0C91BC942}") = "GigEConfigurations", "GigEConfigurations\GigEConfigurations.vcproj", "{A421AD4A-96D6-458B-94FC-525A0279961A}"
EndProject
Project("{8BC9CEB8-8B4A-11D0-8D11-00A0C91BC942}") = "GigEMulticast", "GigEMulticast\GigEMulticast.vcproj", "{2708535E-0FD3-4E96-9EA6-B7212F0291EA}"
EndProject
Project("{8BC9CEB8-8B4A-11D0-8D11-00A0C91BC942}") = "MultipleCameras", "MultipleCameras\MultipleCameras.vcproj", "{1F92C2B4-23DF-4742-AEE5-F9A43BE79527}"
EndProject
Project("{8BC9CEB8-8B4A-11D0-8D11-00A0C91BC942}") = "MultipleSystems", "MultipleSystems\MultipleSystems.vcproj", "{10A789B6-5DCF-495B-85D0-9E089A15AFDA}"
EndProject
Project("{8BC9CEB8-8B4A-11D0-8D11-00A0C91BC942}") = "HostSideROI", "HostSideROI\HostSideROI.vcproj", "{79FDED99-F59E-4774-A179-53B4DF78B958}"
EndProject
Project("{8BC9CEB8-8B4A-11D0-8D11-00A0C91BC942}") = "SaveAndLoadFeatures", "SaveAndLoadFeatures\SaveAndLoadFeatures.vcproj", "{6D8B0B56-8FEB-419E-8A80-0C369D067374}"
EndProject
Project("{8BC9CEB8-8B4A-11D0-8D11-00A0C91BC942}") = "SaveAndLoadImage", "SaveAndLoadImage\SaveAndLoadImage.vcproj", "{4CAEB98A-5127-4D05-92B8-6D12B933F3DD}"
EndProject
Project("{8BC9CEB8-8B4A-11D0-8D11-00A0C91BC942}") = "AllocateStreamBuffersManually", "AllocateStreamBuffersManually\AllocateStreamBuffersManually.vcproj", "{C7F202F4-5A99-4883-B2A7-E143408436D2}"
EndProject
Project("{8BC9CEB8-8B4A-11D0-8D11-00A0C91BC942}") = "AutoFunctions", "AutoFunctions\AutoFunctions.vcproj", "{F1A22644-AA7F-4B8E-8072-FAB54862C0D1}"
EndProject
Project("{8BC9CEB8-8B4A-11D0-8D11-00A0C91BC942}") = "CameraSideROI", "CameraSideROI\CameraSideROI.vcproj", "{4D0D14DB-E076-42EA-B1EF-6EDBAB3498F7}"
EndProject
Project("{8BC9CEB8-8B4A-11D0-8D11-00A0C91BC942}") = "SaveVideo", "SaveVideo\SaveVideo.vcproj", "{04DD1C28-96FD-4B28-B62E-4654B2DD382A}"
EndProject
Project("{8BC9CEB8-8B4A-11D0-8D11-00A0C91BC942}") = "UserSetCtrl", "UserSetCtrl\UserSetCtrl.vcproj", "{D5839082-3B62-4676-BC87-4698CCD63F1A}"
EndProject
Project("{8BC9CEB8-8B4A-11D0-8D11-00A0C91BC942}") = "EventDeviceLost", "EventDeviceLost\EventDeviceLost.vcproj", "{143CF287-75F8-4F0A-BF2F-79C25BC4650C}"
EndProject
Project("{8BC9CEB8-8B4A-11D0-8D11-00A0C91BC942}") = "OpenCV", "OpenCV\OpenCV.vcproj", "{544873E4-A8B6-42E7-A1FC-83EFAACEA16E}"
EndProject
Project("{8BC9CEB8-8B4A-11D0-8D11-00A0C91BC942}") = "Overlay", "Overlay\Overlay.vcproj", "{55C26BAF-749E-4CD2-B017-C20D5EFFB501}"
EndProject
Project("{8BC9CEB8-8B4A-11D0-8D11-00A0C91BC942}") = "FrameStartTrigger", "FrameStartTrigger\FrameStartTrigger.vcproj", "{083D3F52-3A9D-40DB-AB5E-93B0A0727C1A}"
EndProject
Project("{8BC9CEB8-8B4A-11D0-8D11-00A0C91BC942}") = "FeatureList", "FeatureList\FeatureList.vcproj", "{A1C80AC9-303A-48BC-BF0C-CB6E143F5DE3}"
EndProject
Project("{8BC9CEB8-8B4A-11D0-8D11-00A0C91BC942}") = "GigEActionCommand", "GigEActionCommand\GigEActionCommand.vcproj", "{2A878BAE-F25F-4FCF-B89D-6A0599DBC8B6}"
EndProject
Project("{8BC9CEB8-8B4A-11D0-8D11-00A0C91BC942}") = "UserMemory", "UserMemory\UserMemory.vcproj", "{B0CD0E0E-60E1-42AE-B439-58185CB48A67}"
EndProject
Project("{2150E333-8FDC-42A3-9474-1A3956D46DE8}") = "Solution Items", "Solution Items", "{FB8EB408-9D90-4F2B-8D63-A131F1B5D8C1}"
EndProject
Project("{8BC9CEB8-8B4A-11D0-8D11-00A0C91BC942}") = "Graph", "Graph\Graph.vcproj", "{83E4BCDE-0697-49CC-B3A7-CED2CC0779AD}"
EndProject
Project("{8BC9CEB8-8B4A-11D0-8D11-00A0C91BC942}") = "CameraSideLUT", "CameraSideLUT\CameraSideLUT.vcproj", "{27BD2839-5C34-4129-B6E8-BA6629000D0D}"
EndProject
Project("{8BC9CEB8-8B4A-11D0-8D11-00A0C91BC942}") = "DrawOnImage", "DrawOnImage\DrawOnImage.vcproj", "{69434D55-6DDE-41B3-A913-08F0A4C7760D}"
EndProject
Project("{8BC9CEB8-8B4A-11D0-8D11-00A0C91BC942}") = "OpenCV_QRCode", "OpenCV_DecodeQRCode\OpenCV_DecodeQRCode.vcproj", "{2877E8DF-00D6-4488-80D2-66CEF2E73EC0}"
EndProject
Global
	GlobalSection(SolutionConfigurationPlatforms) = preSolution
		Debug|Win32 = Debug|Win32
		Debug|x64 = Debug|x64
		Release|Win32 = Release|Win32
		Release|x64 = Release|x64
	EndGlobalSection
	GlobalSection(ProjectConfigurationPlatforms) = postSolution
		{DB0F740C-EFCC-4799-99FA-AFC99E38F4ED}.Debug|Win32.ActiveCfg = Debug|Win32
		{DB0F740C-EFCC-4799-99FA-AFC99E38F4ED}.Debug|Win32.Build.0 = Debug|Win32
		{DB0F740C-EFCC-4799-99FA-AFC99E38F4ED}.Debug|x64.ActiveCfg = Debug|x64
		{DB0F740C-EFCC-4799-99FA-AFC99E38F4ED}.Debug|x64.Build.0 = Debug|x64
		{DB0F740C-EFCC-4799-99FA-AFC99E38F4ED}.Release|Win32.ActiveCfg = Release|Win32
		{DB0F740C-EFCC-4799-99FA-AFC99E38F4ED}.Release|Win32.Build.0 = Release|Win32
		{DB0F740C-EFCC-4799-99FA-AFC99E38F4ED}.Release|x64.ActiveCfg = Release|x64
		{DB0F740C-EFCC-4799-99FA-AFC99E38F4ED}.Release|x64.Build.0 = Release|x64
		{CA3C3A8A-63D3-466C-918F-3CF55987C300}.Debug|Win32.ActiveCfg = Debug|Win32
		{CA3C3A8A-63D3-466C-918F-3CF55987C300}.Debug|Win32.Build.0 = Debug|Win32
		{CA3C3A8A-63D3-466C-918F-3CF55987C300}.Debug|x64.ActiveCfg = Debug|x64
		{CA3C3A8A-63D3-466C-918F-3CF55987C300}.Debug|x64.Build.0 = Debug|x64
		{CA3C3A8A-63D3-466C-918F-3CF55987C300}.Release|Win32.ActiveCfg = Release|Win32
		{CA3C3A8A-63D3-466C-918F-3CF55987C300}.Release|Win32.Build.0 = Release|Win32
		{CA3C3A8A-63D3-466C-918F-3CF55987C300}.Release|x64.ActiveCfg = Release|x64
		{CA3C3A8A-63D3-466C-918F-3CF55987C300}.Release|x64.Build.0 = Release|x64
		{A79D5A74-D4DA-4506-856D-521F7A19608D}.Debug|Win32.ActiveCfg = Debug|Win32
		{A79D5A74-D4DA-4506-856D-521F7A19608D}.Debug|Win32.Build.0 = Debug|Win32
		{A79D5A74-D4DA-4506-856D-521F7A19608D}.Debug|x64.ActiveCfg = Debug|x64
		{A79D5A74-D4DA-4506-856D-521F7A19608D}.Debug|x64.Build.0 = Debug|x64
		{A79D5A74-D4DA-4506-856D-521F7A19608D}.Release|Win32.ActiveCfg = Release|Win32
		{A79D5A74-D4DA-4506-856D-521F7A19608D}.Release|Win32.Build.0 = Release|Win32
		{A79D5A74-D4DA-4506-856D-521F7A19608D}.Release|x64.ActiveCfg = Release|x64
		{A79D5A74-D4DA-4506-856D-521F7A19608D}.Release|x64.Build.0 = Release|x64
		{4A1CE1B4-60BC-417A-8B35-83AB14CBD93D}.Debug|Win32.ActiveCfg = Debug|Win32
		{4A1CE1B4-60BC-417A-8B35-83AB14CBD93D}.Debug|Win32.Build.0 = Debug|Win32
		{4A1CE1B4-60BC-417A-8B35-83AB14CBD93D}.Debug|x64.ActiveCfg = Debug|x64
		{4A1CE1B4-60BC-417A-8B35-83AB14CBD93D}.Debug|x64.Build.0 = Debug|x64
		{4A1CE1B4-60BC-417A-8B35-83AB14CBD93D}.Release|Win32.ActiveCfg = Release|Win32
		{4A1CE1B4-60BC-417A-8B35-83AB14CBD93D}.Release|Win32.Build.0 = Release|Win32
		{4A1CE1B4-60BC-417A-8B35-83AB14CBD93D}.Release|x64.ActiveCfg = Release|x64
		{4A1CE1B4-60BC-417A-8B35-83AB14CBD93D}.Release|x64.Build.0 = Release|x64
		{C0B64B22-5412-4A14-BEC3-254C2819FD7F}.Debug|Win32.ActiveCfg = Debug|Win32
		{C0B64B22-5412-4A14-BEC3-254C2819FD7F}.Debug|Win32.Build.0 = Debug|Win32
		{C0B64B22-5412-4A14-BEC3-254C2819FD7F}.Debug|x64.ActiveCfg = Debug|x64
		{C0B64B22-5412-4A14-BEC3-254C2819FD7F}.Debug|x64.Build.0 = Debug|x64
		{C0B64B22-5412-4A14-BEC3-254C2819FD7F}.Release|Win32.ActiveCfg = Release|Win32
		{C0B64B22-5412-4A14-BEC3-254C2819FD7F}.Release|Win32.Build.0 = Release|Win32
		{C0B64B22-5412-4A14-BEC3-254C2819FD7F}.Release|x64.ActiveCfg = Release|x64
		{C0B64B22-5412-4A14-BEC3-254C2819FD7F}.Release|x64.Build.0 = Release|x64
		{026A9CFD-E0B4-40FB-BDAB-8FE734C5EB9E}.Debug|Win32.ActiveCfg = Debug|Win32
		{026A9CFD-E0B4-40FB-BDAB-8FE734C5EB9E}.Debug|Win32.Build.0 = Debug|Win32
		{026A9CFD-E0B4-40FB-BDAB-8FE734C5EB9E}.Debug|x64.ActiveCfg = Debug|x64
		{026A9CFD-E0B4-40FB-BDAB-8FE734C5EB9E}.Debug|x64.Build.0 = Debug|x64
		{026A9CFD-E0B4-40FB-BDAB-8FE734C5EB9E}.Release|Win32.ActiveCfg = Release|Win32
		{026A9CFD-E0B4-40FB-BDAB-8FE734C5EB9E}.Release|Win32.Build.0 = Release|Win32
		{026A9CFD-E0B4-40FB-BDAB-8FE734C5EB9E}.Release|x64.ActiveCfg = Release|x64
		{026A9CFD-E0B4-40FB-BDAB-8FE734C5EB9E}.Release|x64.Build.0 = Release|x64
		{A421AD4A-96D6-458B-94FC-525A0279961A}.Debug|Win32.ActiveCfg = Debug|Win32
		{A421AD4A-96D6-458B-94FC-525A0279961A}.Debug|Win32.Build.0 = Debug|Win32
		{A421AD4A-96D6-458B-94FC-525A0279961A}.Debug|x64.ActiveCfg = Debug|x64
		{A421AD4A-96D6-458B-94FC-525A0279961A}.Debug|x64.Build.0 = Debug|x64
		{A421AD4A-96D6-458B-94FC-525A0279961A}.Release|Win32.ActiveCfg = Release|Win32
		{A421AD4A-96D6-458B-94FC-525A0279961A}.Release|Win32.Build.0 = Release|Win32
		{A421AD4A-96D6-458B-94FC-525A0279961A}.Release|x64.ActiveCfg = Release|x64
		{A421AD4A-96D6-458B-94FC-525A0279961A}.Release|x64.Build.0 = Release|x64
		{2708535E-0FD3-4E96-9EA6-B7212F0291EA}.Debug|Win32.ActiveCfg = Debug|Win32
		{2708535E-0FD3-4E96-9EA6-B7212F0291EA}.Debug|Win32.Build.0 = Debug|Win32
		{2708535E-0FD3-4E96-9EA6-B7212F0291EA}.Debug|x64.ActiveCfg = Debug|x64
		{2708535E-0FD3-4E96-9EA6-B7212F0291EA}.Debug|x64.Build.0 = Debug|x64
		{2708535E-0FD3-4E96-9EA6-B7212F0291EA}.Release|Win32.ActiveCfg = Release|Win32
		{2708535E-0FD3-4E96-9EA6-B7212F0291EA}.Release|Win32.Build.0 = Release|Win32
		{2708535E-0FD3-4E96-9EA6-B7212F0291EA}.Release|x64.ActiveCfg = Release|x64
		{2708535E-0FD3-4E96-9EA6-B7212F0291EA}.Release|x64.Build.0 = Release|x64
		{1F92C2B4-23DF-4742-AEE5-F9A43BE79527}.Debug|Win32.ActiveCfg = Debug|Win32
		{1F92C2B4-23DF-4742-AEE5-F9A43BE79527}.Debug|Win32.Build.0 = Debug|Win32
		{1F92C2B4-23DF-4742-AEE5-F9A43BE79527}.Debug|x64.ActiveCfg = Debug|x64
		{1F92C2B4-23DF-4742-AEE5-F9A43BE79527}.Debug|x64.Build.0 = Debug|x64
		{1F92C2B4-23DF-4742-AEE5-F9A43BE79527}.Release|Win32.ActiveCfg = Release|Win32
		{1F92C2B4-23DF-4742-AEE5-F9A43BE79527}.Release|Win32.Build.0 = Release|Win32
		{1F92C2B4-23DF-4742-AEE5-F9A43BE79527}.Release|x64.ActiveCfg = Release|x64
		{1F92C2B4-23DF-4742-AEE5-F9A43BE79527}.Release|x64.Build.0 = Release|x64
		{10A789B6-5DCF-495B-85D0-9E089A15AFDA}.Debug|Win32.ActiveCfg = Debug|Win32
		{10A789B6-5DCF-495B-85D0-9E089A15AFDA}.Debug|Win32.Build.0 = Debug|Win32
		{10A789B6-5DCF-495B-85D0-9E089A15AFDA}.Debug|x64.ActiveCfg = Debug|x64
		{10A789B6-5DCF-495B-85D0-9E089A15AFDA}.Debug|x64.Build.0 = Debug|x64
		{10A789B6-5DCF-495B-85D0-9E089A15AFDA}.Release|Win32.ActiveCfg = Release|Win32
		{10A789B6-5DCF-495B-85D0-9E089A15AFDA}.Release|Win32.Build.0 = Release|Win32
		{10A789B6-5DCF-495B-85D0-9E089A15AFDA}.Release|x64.ActiveCfg = Release|x64
		{10A789B6-5DCF-495B-85D0-9E089A15AFDA}.Release|x64.Build.0 = Release|x64
		{79FDED99-F59E-4774-A179-53B4DF78B958}.Debug|Win32.ActiveCfg = Debug|Win32
		{79FDED99-F59E-4774-A179-53B4DF78B958}.Debug|Win32.Build.0 = Debug|Win32
		{79FDED99-F59E-4774-A179-53B4DF78B958}.Debug|x64.ActiveCfg = Debug|x64
		{79FDED99-F59E-4774-A179-53B4DF78B958}.Debug|x64.Build.0 = Debug|x64
		{79FDED99-F59E-4774-A179-53B4DF78B958}.Release|Win32.ActiveCfg = Release|Win32
		{79FDED99-F59E-4774-A179-53B4DF78B958}.Release|Win32.Build.0 = Release|Win32
		{79FDED99-F59E-4774-A179-53B4DF78B958}.Release|x64.ActiveCfg = Release|x64
		{79FDED99-F59E-4774-A179-53B4DF78B958}.Release|x64.Build.0 = Release|x64
		{6D8B0B56-8FEB-419E-8A80-0C369D067374}.Debug|Win32.ActiveCfg = Debug|Win32
		{6D8B0B56-8FEB-419E-8A80-0C369D067374}.Debug|Win32.Build.0 = Debug|Win32
		{6D8B0B56-8FEB-419E-8A80-0C369D067374}.Debug|x64.ActiveCfg = Debug|x64
		{6D8B0B56-8FEB-419E-8A80-0C369D067374}.Debug|x64.Build.0 = Debug|x64
		{6D8B0B56-8FEB-419E-8A80-0C369D067374}.Release|Win32.ActiveCfg = Release|Win32
		{6D8B0B56-8FEB-419E-8A80-0C369D067374}.Release|Win32.Build.0 = Release|Win32
		{6D8B0B56-8FEB-419E-8A80-0C369D067374}.Release|x64.ActiveCfg = Release|x64
		{6D8B0B56-8FEB-419E-8A80-0C369D067374}.Release|x64.Build.0 = Release|x64
		{4CAEB98A-5127-4D05-92B8-6D12B933F3DD}.Debug|Win32.ActiveCfg = Debug|Win32
		{4CAEB98A-5127-4D05-92B8-6D12B933F3DD}.Debug|Win32.Build.0 = Debug|Win32
		{4CAEB98A-5127-4D05-92B8-6D12B933F3DD}.Debug|x64.ActiveCfg = Debug|x64
		{4CAEB98A-5127-4D05-92B8-6D12B933F3DD}.Debug|x64.Build.0 = Debug|x64
		{4CAEB98A-5127-4D05-92B8-6D12B933F3DD}.Release|Win32.ActiveCfg = Release|Win32
		{4CAEB98A-5127-4D05-92B8-6D12B933F3DD}.Release|Win32.Build.0 = Release|Win32
		{4CAEB98A-5127-4D05-92B8-6D12B933F3DD}.Release|x64.ActiveCfg = Release|x64
		{4CAEB98A-5127-4D05-92B8-6D12B933F3DD}.Release|x64.Build.0 = Release|x64
		{C7F202F4-5A99-4883-B2A7-E143408436D2}.Debug|Win32.ActiveCfg = Debug|Win32
		{C7F202F4-5A99-4883-B2A7-E143408436D2}.Debug|Win32.Build.0 = Debug|Win32
		{C7F202F4-5A99-4883-B2A7-E143408436D2}.Debug|x64.ActiveCfg = Debug|x64
		{C7F202F4-5A99-4883-B2A7-E143408436D2}.Debug|x64.Build.0 = Debug|x64
		{C7F202F4-5A99-4883-B2A7-E143408436D2}.Release|Win32.ActiveCfg = Release|Win32
		{C7F202F4-5A99-4883-B2A7-E143408436D2}.Release|Win32.Build.0 = Release|Win32
		{C7F202F4-5A99-4883-B2A7-E143408436D2}.Release|x64.ActiveCfg = Release|x64
		{C7F202F4-5A99-4883-B2A7-E143408436D2}.Release|x64.Build.0 = Release|x64
		{F1A22644-AA7F-4B8E-8072-FAB54862C0D1}.Debug|Win32.ActiveCfg = Debug|Win32
		{F1A22644-AA7F-4B8E-8072-FAB54862C0D1}.Debug|Win32.Build.0 = Debug|Win32
		{F1A22644-AA7F-4B8E-8072-FAB54862C0D1}.Debug|x64.ActiveCfg = Debug|x64
		{F1A22644-AA7F-4B8E-8072-FAB54862C0D1}.Debug|x64.Build.0 = Debug|x64
		{F1A22644-AA7F-4B8E-8072-FAB54862C0D1}.Release|Win32.ActiveCfg = Release|Win32
		{F1A22644-AA7F-4B8E-8072-FAB54862C0D1}.Release|Win32.Build.0 = Release|Win32
		{F1A22644-AA7F-4B8E-8072-FAB54862C0D1}.Release|x64.ActiveCfg = Release|x64
		{F1A22644-AA7F-4B8E-8072-FAB54862C0D1}.Release|x64.Build.0 = Release|x64
		{4D0D14DB-E076-42EA-B1EF-6EDBAB3498F7}.Debug|Win32.ActiveCfg = Debug|Win32
		{4D0D14DB-E076-42EA-B1EF-6EDBAB3498F7}.Debug|Win32.Build.0 = Debug|Win32
		{4D0D14DB-E076-42EA-B1EF-6EDBAB3498F7}.Debug|x64.ActiveCfg = Debug|x64
		{4D0D14DB-E076-42EA-B1EF-6EDBAB3498F7}.Debug|x64.Build.0 = Debug|x64
		{4D0D14DB-E076-42EA-B1EF-6EDBAB3498F7}.Release|Win32.ActiveCfg = Release|Win32
		{4D0D14DB-E076-42EA-B1EF-6EDBAB3498F7}.Release|Win32.Build.0 = Release|Win32
		{4D0D14DB-E076-42EA-B1EF-6EDBAB3498F7}.Release|x64.ActiveCfg = Release|x64
		{4D0D14DB-E076-42EA-B1EF-6EDBAB3498F7}.Release|x64.Build.0 = Release|x64
		{04DD1C28-96FD-4B28-B62E-4654B2DD382A}.Debug|Win32.ActiveCfg = Debug|Win32
		{04DD1C28-96FD-4B28-B62E-4654B2DD382A}.Debug|Win32.Build.0 = Debug|Win32
		{04DD1C28-96FD-4B28-B62E-4654B2DD382A}.Debug|x64.ActiveCfg = Debug|x64
		{04DD1C28-96FD-4B28-B62E-4654B2DD382A}.Debug|x64.Build.0 = Debug|x64
		{04DD1C28-96FD-4B28-B62E-4654B2DD382A}.Release|Win32.ActiveCfg = Release|Win32
		{04DD1C28-96FD-4B28-B62E-4654B2DD382A}.Release|Win32.Build.0 = Release|Win32
		{04DD1C28-96FD-4B28-B62E-4654B2DD382A}.Release|x64.ActiveCfg = Release|x64
		{04DD1C28-96FD-4B28-B62E-4654B2DD382A}.Release|x64.Build.0 = Release|x64
		{D5839082-3B62-4676-BC87-4698CCD63F1A}.Debug|Win32.ActiveCfg = Debug|Win32
		{D5839082-3B62-4676-BC87-4698CCD63F1A}.Debug|Win32.Build.0 = Debug|Win32
		{D5839082-3B62-4676-BC87-4698CCD63F1A}.Debug|x64.ActiveCfg = Debug|x64
		{D5839082-3B62-4676-BC87-4698CCD63F1A}.Debug|x64.Build.0 = Debug|x64
		{D5839082-3B62-4676-BC87-4698CCD63F1A}.Release|Win32.ActiveCfg = Release|Win32
		{D5839082-3B62-4676-BC87-4698CCD63F1A}.Release|Win32.Build.0 = Release|Win32
		{D5839082-3B62-4676-BC87-4698CCD63F1A}.Release|x64.ActiveCfg = Release|x64
		{D5839082-3B62-4676-BC87-4698CCD63F1A}.Release|x64.Build.0 = Release|x64
		{143CF287-75F8-4F0A-BF2F-79C25BC4650C}.Debug|Win32.ActiveCfg = Debug|Win32
		{143CF287-75F8-4F0A-BF2F-79C25BC4650C}.Debug|Win32.Build.0 = Debug|Win32
		{143CF287-75F8-4F0A-BF2F-79C25BC4650C}.Debug|x64.ActiveCfg = Debug|x64
		{143CF287-75F8-4F0A-BF2F-79C25BC4650C}.Debug|x64.Build.0 = Debug|x64
		{143CF287-75F8-4F0A-BF2F-79C25BC4650C}.Release|Win32.ActiveCfg = Release|Win32
		{143CF287-75F8-4F0A-BF2F-79C25BC4650C}.Release|Win32.Build.0 = Release|Win32
		{143CF287-75F8-4F0A-BF2F-79C25BC4650C}.Release|x64.ActiveCfg = Release|x64
		{143CF287-75F8-4F0A-BF2F-79C25BC4650C}.Release|x64.Build.0 = Release|x64
		{544873E4-A8B6-42E7-A1FC-83EFAACEA16E}.Debug|Win32.ActiveCfg = Debug|Win32
		{544873E4-A8B6-42E7-A1FC-83EFAACEA16E}.Debug|Win32.Build.0 = Debug|Win32
		{544873E4-A8B6-42E7-A1FC-83EFAACEA16E}.Debug|x64.ActiveCfg = Debug|x64
		{544873E4-A8B6-42E7-A1FC-83EFAACEA16E}.Debug|x64.Build.0 = Debug|x64
		{544873E4-A8B6-42E7-A1FC-83EFAACEA16E}.Release|Win32.ActiveCfg = Release|Win32
		{544873E4-A8B6-42E7-A1FC-83EFAACEA16E}.Release|Win32.Build.0 = Release|Win32
		{544873E4-A8B6-42E7-A1FC-83EFAACEA16E}.Release|x64.ActiveCfg = Release|x64
		{544873E4-A8B6-42E7-A1FC-83EFAACEA16E}.Release|x64.Build.0 = Release|x64
		{55C26BAF-749E-4CD2-B017-C20D5EFFB501}.Debug|Win32.ActiveCfg = Debug|Win32
		{55C26BAF-749E-4CD2-B017-C20D5EFFB501}.Debug|Win32.Build.0 = Debug|Win32
		{55C26BAF-749E-4CD2-B017-C20D5EFFB501}.Debug|x64.ActiveCfg = Debug|x64
		{55C26BAF-749E-4CD2-B017-C20D5EFFB501}.Debug|x64.Build.0 = Debug|x64
		{55C26BAF-749E-4CD2-B017-C20D5EFFB501}.Release|Win32.ActiveCfg = Release|Win32
		{55C26BAF-749E-4CD2-B017-C20D5EFFB501}.Release|Win32.Build.0 = Release|Win32
		{55C26BAF-749E-4CD2-B017-C20D5EFFB501}.Release|x64.ActiveCfg = Release|x64
		{55C26BAF-749E-4CD2-B017-C20D5EFFB501}.Release|x64.Build.0 = Release|x64
		{083D3F52-3A9D-40DB-AB5E-93B0A0727C1A}.Debug|Win32.ActiveCfg = Debug|Win32
		{083D3F52-3A9D-40DB-AB5E-93B0A0727C1A}.Debug|Win32.Build.0 = Debug|Win32
		{083D3F52-3A9D-40DB-AB5E-93B0A0727C1A}.Debug|x64.ActiveCfg = Debug|x64
		{083D3F52-3A9D-40DB-AB5E-93B0A0727C1A}.Debug|x64.Build.0 = Debug|x64
		{083D3F52-3A9D-40DB-AB5E-93B0A0727C1A}.Release|Win32.ActiveCfg = Release|Win32
		{083D3F52-3A9D-40DB-AB5E-93B0A0727C1A}.Release|Win32.Build.0 = Release|Win32
		{083D3F52-3A9D-40DB-AB5E-93B0A0727C1A}.Release|x64.ActiveCfg = Release|x64
		{083D3F52-3A9D-40DB-AB5E-93B0A0727C1A}.Release|x64.Build.0 = Release|x64
		{A1C80AC9-303A-48BC-BF0C-CB6E143F5DE3}.Debug|Win32.ActiveCfg = Debug|Win32
		{A1C80AC9-303A-48BC-BF0C-CB6E143F5DE3}.Debug|Win32.Build.0 = Debug|Win32
		{A1C80AC9-303A-48BC-BF0C-CB6E143F5DE3}.Debug|x64.ActiveCfg = Debug|x64
		{A1C80AC9-303A-48BC-BF0C-CB6E143F5DE3}.Debug|x64.Build.0 = Debug|x64
		{A1C80AC9-303A-48BC-BF0C-CB6E143F5DE3}.Release|Win32.ActiveCfg = Release|Win32
		{A1C80AC9-303A-48BC-BF0C-CB6E143F5DE3}.Release|Win32.Build.0 = Release|Win32
		{A1C80AC9-303A-48BC-BF0C-CB6E143F5DE3}.Release|x64.ActiveCfg = Release|x64
		{A1C80AC9-303A-48BC-BF0C-CB6E143F5DE3}.Release|x64.Build.0 = Release|x64
		{2A878BAE-F25F-4FCF-B89D-6A0599DBC8B6}.Debug|Win32.ActiveCfg = Debug|Win32
		{2A878BAE-F25F-4FCF-B89D-6A0599DBC8B6}.Debug|Win32.Build.0 = Debug|Win32
		{2A878BAE-F25F-4FCF-B89D-6A0599DBC8B6}.Debug|x64.ActiveCfg = Debug|x64
		{2A878BAE-F25F-4FCF-B89D-6A0599DBC8B6}.Debug|x64.Build.0 = Debug|x64
		{2A878BAE-F25F-4FCF-B89D-6A0599DBC8B6}.Release|Win32.ActiveCfg = Release|Win32
		{2A878BAE-F25F-4FCF-B89D-6A0599DBC8B6}.Release|Win32.Build.0 = Release|Win32
		{2A878BAE-F25F-4FCF-B89D-6A0599DBC8B6}.Release|x64.ActiveCfg = Release|x64
		{2A878BAE-F25F-4FCF-B89D-6A0599DBC8B6}.Release|x64.Build.0 = Release|x64
		{B0CD0E0E-60E1-42AE-B439-58185CB48A67}.Debug|Win32.ActiveCfg = Debug|Win32
		{B0CD0E0E-60E1-42AE-B439-58185CB48A67}.Debug|Win32.Build.0 = Debug|Win32
		{B0CD0E0E-60E1-42AE-B439-58185CB48A67}.Debug|x64.ActiveCfg = Debug|x64
		{B0CD0E0E-60E1-42AE-B439-58185CB48A67}.Debug|x64.Build.0 = Debug|x64
		{B0CD0E0E-60E1-42AE-B439-58185CB48A67}.Release|Win32.ActiveCfg = Release|Win32
		{B0CD0E0E-60E1-42AE-B439-58185CB48A67}.Release|Win32.Build.0 = Release|Win32
		{B0CD0E0E-60E1-42AE-B439-58185CB48A67}.Release|x64.ActiveCfg = Release|x64
		{B0CD0E0E-60E1-42AE-B439-58185CB48A67}.Release|x64.Build.0 = Release|x64
		{83E4BCDE-0697-49CC-B3A7-CED2CC0779AD}.Debug|Win32.ActiveCfg = Debug|Win32
		{83E4BCDE-0697-49CC-B3A7-CED2CC0779AD}.Debug|Win32.Build.0 = Debug|Win32
		{83E4BCDE-0697-49CC-B3A7-CED2CC0779AD}.Debug|x64.ActiveCfg = Debug|x64
		{83E4BCDE-0697-49CC-B3A7-CED2CC0779AD}.Debug|x64.Build.0 = Debug|x64
		{83E4BCDE-0697-49CC-B3A7-CED2CC0779AD}.Release|Win32.ActiveCfg = Release|Win32
		{83E4BCDE-0697-49CC-B3A7-CED2CC0779AD}.Release|Win32.Build.0 = Release|Win32
		{83E4BCDE-0697-49CC-B3A7-CED2CC0779AD}.Release|x64.ActiveCfg = Release|x64
		{83E4BCDE-0697-49CC-B3A7-CED2CC0779AD}.Release|x64.Build.0 = Release|x64
		{27BD2839-5C34-4129-B6E8-BA6629000D0D}.Debug|Win32.ActiveCfg = Debug|Win32
		{27BD2839-5C34-4129-B6E8-BA6629000D0D}.Debug|Win32.Build.0 = Debug|Win32
		{27BD2839-5C34-4129-B6E8-BA6629000D0D}.Debug|x64.ActiveCfg = Debug|x64
		{27BD2839-5C34-4129-B6E8-BA6629000D0D}.Debug|x64.Build.0 = Debug|x64
		{27BD2839-5C34-4129-B6E8-BA6629000D0D}.Release|Win32.ActiveCfg = Release|Win32
		{27BD2839-5C34-4129-B6E8-BA6629000D0D}.Release|Win32.Build.0 = Release|Win32
		{27BD2839-5C34-4129-B6E8-BA6629000D0D}.Release|x64.ActiveCfg = Release|x64
		{27BD2839-5C34-4129-B6E8-BA6629000D0D}.Release|x64.Build.0 = Release|x64
		{69434D55-6DDE-41B3-A913-08F0A4C7760D}.Debug|Win32.ActiveCfg = Debug|Win32
		{69434D55-6DDE-41B3-A913-08F0A4C7760D}.Debug|Win32.Build.0 = Debug|Win32
		{69434D55-6DDE-41B3-A913-08F0A4C7760D}.Debug|x64.ActiveCfg = Debug|x64
		{69434D55-6DDE-41B3-A913-08F0A4C7760D}.Debug|x64.Build.0 = Debug|x64
		{69434D55-6DDE-41B3-A913-08F0A4C7760D}.Release|Win32.ActiveCfg = Release|Win32
		{69434D55-6DDE-41B3-A913-08F0A4C7760D}.Release|Win32.Build.0 = Release|Win32
		{69434D55-6DDE-41B3-A913-08F0A4C7760D}.Release|x64.ActiveCfg = Release|x64
		{69434D55-6DDE-41B3-A913-08F0A4C7760D}.Release|x64.Build.0 = Release|x64
		{2877E8DF-00D6-4488-80D2-66CEF2E73EC0}.Debug|Win32.ActiveCfg = Debug|Win32
		{2877E8DF-00D6-4488-80D2-66CEF2E73EC0}.Debug|Win32.Build.0 = Debug|Win32
		{2877E8DF-00D6-4488-80D2-66CEF2E73EC0}.Debug|x64.ActiveCfg = Debug|x64
		{2877E8DF-00D6-4488-80D2-66CEF2E73EC0}.Debug|x64.Build.0 = Debug|x64
		{2877E8DF-00D6-4488-80D2-66CEF2E73EC0}.Release|Win32.ActiveCfg = Release|Win32
		{2877E8DF-00D6-4488-80D2-66CEF2E73EC0}.Release|Win32.Build.0 = Release|Win32
		{2877E8DF-00D6-4488-80D2-66CEF2E73EC0}.Release|x64.ActiveCfg = Release|x64
		{2877E8DF-00D6-4488-80D2-66CEF2E73EC0}.Release|x64.Build.0 = Release|x64
	EndGlobalSection
	GlobalSection(SolutionProperties) = preSolution
		HideSolutionNode = FALSE
	EndGlobalSection
EndGlobal
