<?xml version="1.0" encoding="utf-8"?>
<Project ToolsVersion="4.0" xmlns="http://schemas.microsoft.com/developer/msbuild/2003">
  <ItemGroup>
    <Filter Include="소스 파일">
      <UniqueIdentifier>{4FC737F1-C7A5-4376-A066-2A32D752A2FF}</UniqueIdentifier>
      <Extensions>cpp;c;cc;cxx;c++;cppm;ixx;def;odl;idl;hpj;bat;asm;asmx</Extensions>
    </Filter>
    <Filter Include="헤더 파일">
      <UniqueIdentifier>{93995380-89BD-4b04-88EB-625FBE52EBFB}</UniqueIdentifier>
      <Extensions>h;hh;hpp;hxx;h++;hm;inl;inc;ipp;xsd</Extensions>
    </Filter>
    <Filter Include="리소스 파일">
      <UniqueIdentifier>{67DA6AB6-F800-4c08-8B7A-83BB121AAD01}</UniqueIdentifier>
      <Extensions>rc;ico;cur;bmp;dlg;rc2;rct;bin;rgs;gif;jpg;jpeg;jpe;resx;tiff;tif;png;wav;mfcribbon-ms</Extensions>
    </Filter>
    <Filter Include="Utils">
      <UniqueIdentifier>{aff2b9bf-62bb-479c-b010-e1cd4a1565f5}</UniqueIdentifier>
    </Filter>
    <Filter Include="Camera">
      <UniqueIdentifier>{eba5d7e6-1d62-4b67-8fa0-b39f4f51f466}</UniqueIdentifier>
    </Filter>
    <Filter Include="Queue">
      <UniqueIdentifier>{0722ee81-da51-4eb7-81fa-74aff4cbfc57}</UniqueIdentifier>
    </Filter>
    <Filter Include="ThreadPool">
      <UniqueIdentifier>{963ac878-612d-472d-872d-8ba6ba85fe50}</UniqueIdentifier>
    </Filter>
    <Filter Include="Experiments">
      <UniqueIdentifier>{c2552b55-1a97-4ed8-818c-c6c42d2dfd08}</UniqueIdentifier>
    </Filter>
  </ItemGroup>
  <ItemGroup>
    <ClCompile Include="main.cpp" />
    <ClCompile Include="NodeMapUtil.cpp">
      <Filter>Utils</Filter>
    </ClCompile>
    <ClCompile Include="ImageProcess.cpp">
      <Filter>Utils</Filter>
    </ClCompile>
    <ClCompile Include="GigEUtil.cpp">
      <Filter>Utils</Filter>
    </ClCompile>
    <ClCompile Include="BasicCamera.cpp">
      <Filter>Camera</Filter>
    </ClCompile>
    <ClCompile Include="CameraManager.cpp">
      <Filter>Camera</Filter>
    </ClCompile>
    <ClCompile Include="CameraStaff.cpp">
      <Filter>Camera</Filter>
    </ClCompile>
    <ClCompile Include="GigECamera.cpp">
      <Filter>Camera</Filter>
    </ClCompile>
    <ClCompile Include="GigEManager.cpp">
      <Filter>Camera</Filter>
    </ClCompile>
    <ClCompile Include="ImageSaverThreadPool.cpp">
      <Filter>ThreadPool</Filter>
    </ClCompile>
    <ClCompile Include="TriggerCamera.cpp">
      <Filter>Camera</Filter>
    </ClCompile>
    <ClCompile Include="PathToGuiAdapter.cpp">
      <Filter>소스 파일</Filter>
    </ClCompile>
    <ClCompile Include="Logger.cpp">
      <Filter>Utils</Filter>
    </ClCompile>
    <ClCompile Include="Experiments.cpp">
      <Filter>Experiments</Filter>
    </ClCompile>
  </ItemGroup>
  <ItemGroup>
    <ClInclude Include="NodeMapUtil.h">
      <Filter>Utils</Filter>
    </ClInclude>
    <ClInclude Include="ImageProcess.h">
      <Filter>Utils</Filter>
    </ClInclude>
    <ClInclude Include="GigEUtil.h">
      <Filter>Utils</Filter>
    </ClInclude>
    <ClInclude Include="config.h">
      <Filter>Utils</Filter>
    </ClInclude>
    <ClInclude Include="BasicCamera.h">
      <Filter>Camera</Filter>
    </ClInclude>
    <ClInclude Include="CameraManager.h">
      <Filter>Camera</Filter>
    </ClInclude>
    <ClInclude Include="CameraStaff.h">
      <Filter>Camera</Filter>
    </ClInclude>
    <ClInclude Include="GigECamera.h">
      <Filter>Camera</Filter>
    </ClInclude>
    <ClInclude Include="GigEManager.h">
      <Filter>Camera</Filter>
    </ClInclude>
    <ClInclude Include="ImageSaverThreadPool.h">
      <Filter>ThreadPool</Filter>
    </ClInclude>
    <ClInclude Include="TriggerCamera.h">
      <Filter>Camera</Filter>
    </ClInclude>
    <ClInclude Include="PathToGuiAdapter.h">
      <Filter>헤더 파일</Filter>
    </ClInclude>
    <ClInclude Include="ThreadSafeQueue.h">
      <Filter>Queue</Filter>
    </ClInclude>
    <ClInclude Include="Logger.h">
      <Filter>Utils</Filter>
    </ClInclude>
    <ClInclude Include="CSVWriter.h">
      <Filter>Experiments</Filter>
    </ClInclude>
  </ItemGroup>
  <ItemGroup>
    <ResourceCompile Include="myOmronC++.rc">
      <Filter>리소스 파일</Filter>
    </ResourceCompile>
  </ItemGroup>
</Project>